
Microsoft Visual Studio Solution File, Format Version 12.00
# Visual Studio Version 17
VisualStudioVersion = 17.3.32929.385
MinimumVisualStudioVersion = 10.0.40219.1
Project("{9A19103F-16F7-4668-BE54-9A1E7A4F7556}") = "DisassemblyBenchmark", "DisassemblyBenchmark\DisassemblyBenchmark.csproj", "{CB6386F0-9E16-4D73-901B-9481CFBFB8D1}"
EndProject
Project("{2150E333-8FDC-42A3-9474-1A3956D46DE8}") = "Solution Items", "Solution Items", "{BA9BD26A-CBF9-47DF-8413-A9CE8F979321}"
	ProjectSection(SolutionItems) = preProject
		README.md = README.md
	EndProjectSection
EndProject
Global
	GlobalSection(SolutionConfigurationPlatforms) = preSolution
		Debug|Any CPU = Debug|Any CPU
		Release|Any CPU = Release|Any CPU
	EndGlobalSection
	GlobalSection(ProjectConfigurationPlatforms) = postSolution
		{CB6386F0-9E16-4D73-901B-9481CFBFB8D1}.Debug|Any CPU.ActiveCfg = Debug|Any CPU
		{CB6386F0-9E16-4D73-901B-9481CFBFB8D1}.Debug|Any CPU.Build.0 = Debug|Any CPU
		{CB6386F0-9E16-4D73-901B-9481CFBFB8D1}.Release|Any CPU.ActiveCfg = Release|Any CPU
		{CB6386F0-9E16-4D73-901B-9481CFBFB8D1}.Release|Any CPU.Build.0 = Release|Any CPU
	EndGlobalSection
	GlobalSection(SolutionProperties) = preSolution
		HideSolutionNode = FALSE
	EndGlobalSection
	GlobalSection(ExtensibilityGlobals) = postSolution
		SolutionGuid = {D1DD3132-7F37-4B72-BBDB-DF3012BA77E6}
	EndGlobalSection
EndGlobal
