
Microsoft Visual Studio Solution File, Format Version 12.00
# Visual Studio 15
VisualStudioVersion = 15.0.27428.2027
MinimumVisualStudioVersion = 10.0.40219.1
Project("{9A19103F-16F7-4668-BE54-9A1E7A4F7556}") = "CreateBenchmark", "CreateBenchmark\CreateBenchmark.csproj", "{C5FFEE18-C1B1-4C1A-8CFE-5969CB65E7E4}"
EndProject
Project("{2150E333-8FDC-42A3-9474-1A3956D46DE8}") = "Solution Items", "Solution Items", "{D31DFC9D-ED18-407A-97A6-7B444423B58B}"
	ProjectSection(SolutionItems) = preProject
		CreateBenchmark.sln.DotSettings = CreateBenchmark.sln.DotSettings
		Readme.md = Readme.md
	EndProjectSection
EndProject
Global
	GlobalSection(SolutionConfigurationPlatforms) = preSolution
		Debug|Any CPU = Debug|Any CPU
		Release|Any CPU = Release|Any CPU
	EndGlobalSection
	GlobalSection(ProjectConfigurationPlatforms) = postSolution
		{C5FFEE18-C1B1-4C1A-8CFE-5969CB65E7E4}.Debug|Any CPU.ActiveCfg = Debug|Any CPU
		{C5FFEE18-C1B1-4C1A-8CFE-5969CB65E7E4}.Debug|Any CPU.Build.0 = Debug|Any CPU
		{C5FFEE18-C1B1-4C1A-8CFE-5969CB65E7E4}.Release|Any CPU.ActiveCfg = Release|Any CPU
		{C5FFEE18-C1B1-4C1A-8CFE-5969CB65E7E4}.Release|Any CPU.Build.0 = Release|Any CPU
	EndGlobalSection
	GlobalSection(SolutionProperties) = preSolution
		HideSolutionNode = FALSE
	EndGlobalSection
	GlobalSection(ExtensibilityGlobals) = postSolution
		        SolutionGuid = {69F982A7-4544-4D71-98D1-3C34347E7D30}
		SolutionGuid = {B19E75FC-CC39-457C-BEBB-5F49F0912A4E}
	EndGlobalSection
EndGlobal
