
Microsoft Visual Studio Solution File, Format Version 12.00
# Visual Studio 15
VisualStudioVersion = 15.0.27428.2015
MinimumVisualStudioVersion = 10.0.40219.1
Project("{9A19103F-16F7-4668-BE54-9A1E7A4F7556}") = "ConvertBenchmark", "ConvertBenchmark\ConvertBenchmark.csproj", "{7F208B74-C761-4987-8A1C-F277343984D2}"
EndProject
Project("{2150E333-8FDC-42A3-9474-1A3956D46DE8}") = "Solution Items", "Solution Items", "{33E19012-B201-4B15-AF1C-E9A219087225}"
	ProjectSection(SolutionItems) = preProject
		ConvertBenchmark.sln.DotSettings = ConvertBenchmark.sln.DotSettings
		README.md = README.md
	EndProjectSection
EndProject
Global
	GlobalSection(SolutionConfigurationPlatforms) = preSolution
		Debug|Any CPU = Debug|Any CPU
		Release|Any CPU = Release|Any CPU
	EndGlobalSection
	GlobalSection(ProjectConfigurationPlatforms) = postSolution
		{7F208B74-C761-4987-8A1C-F277343984D2}.Debug|Any CPU.ActiveCfg = Debug|Any CPU
		{7F208B74-C761-4987-8A1C-F277343984D2}.Debug|Any CPU.Build.0 = Debug|Any CPU
		{7F208B74-C761-4987-8A1C-F277343984D2}.Release|Any CPU.ActiveCfg = Release|Any CPU
		{7F208B74-C761-4987-8A1C-F277343984D2}.Release|Any CPU.Build.0 = Release|Any CPU
	EndGlobalSection
	GlobalSection(SolutionProperties) = preSolution
		HideSolutionNode = FALSE
	EndGlobalSection
	GlobalSection(ExtensibilityGlobals) = postSolution
		SolutionGuid = {B853222A-AB0F-4E7E-BBE1-F85D8B57B0C3}
	EndGlobalSection
EndGlobal
