
Microsoft Visual Studio Solution File, Format Version 12.00
# Visual Studio Version 17
VisualStudioVersion = 17.4.33213.308
MinimumVisualStudioVersion = 10.0.40219.1
Project("{9A19103F-16F7-4668-BE54-9A1E7A4F7556}") = "RefLoopBenchmark", "RefLoopBenchmark\RefLoopBenchmark.csproj", "{0715614D-B4F5-4034-B20C-22B7087CB037}"
EndProject
Project("{2150E333-8FDC-42A3-9474-1A3956D46DE8}") = "ソリューション項目", "ソリューション項目", "{D99573A1-53D0-4E10-8192-E08AA2DADCD2}"
	ProjectSection(SolutionItems) = preProject
		README.md = README.md
	EndProjectSection
EndProject
Global
	GlobalSection(SolutionConfigurationPlatforms) = preSolution
		Debug|Any CPU = Debug|Any CPU
		Release|Any CPU = Release|Any CPU
	EndGlobalSection
	GlobalSection(ProjectConfigurationPlatforms) = postSolution
		{0715614D-B4F5-4034-B20C-22B7087CB037}.Debug|Any CPU.ActiveCfg = Debug|Any CPU
		{0715614D-B4F5-4034-B20C-22B7087CB037}.Debug|Any CPU.Build.0 = Debug|Any CPU
		{0715614D-B4F5-4034-B20C-22B7087CB037}.Release|Any CPU.ActiveCfg = Release|Any CPU
		{0715614D-B4F5-4034-B20C-22B7087CB037}.Release|Any CPU.Build.0 = Release|Any CPU
	EndGlobalSection
	GlobalSection(SolutionProperties) = preSolution
		HideSolutionNode = FALSE
	EndGlobalSection
	GlobalSection(ExtensibilityGlobals) = postSolution
		SolutionGuid = {C77F456B-BEF1-401F-9867-6A6E12A0BE09}
	EndGlobalSection
EndGlobal
