
Microsoft Visual Studio Solution File, Format Version 12.00
# Visual Studio Version 17
VisualStudioVersion = 17.3.32929.385
MinimumVisualStudioVersion = 10.0.40219.1
Project("{2150E333-8FDC-42A3-9474-1A3956D46DE8}") = "Solution Items", "Solution Items", "{B6718481-F573-4FBE-BD61-6C3B60779510}"
	ProjectSection(SolutionItems) = preProject
		.editorconfig = .editorconfig
		.gitattributes = .gitattributes
		.gitignore = .gitignore
		Benchmark.ruleset = Benchmark.ruleset
		Benchmark.sln.DotSettings = Benchmark.sln.DotSettings
		Directory.Build.props = Directory.Build.props
		Directory.Build.targets = Directory.Build.targets
		README.md = README.md
	EndProjectSection
EndProject
Project("{9A19103F-16F7-4668-BE54-9A1E7A4F7556}") = "LoopListBenchmark", "LoopListBenchmark\LoopListBenchmark.csproj", "{2009C69B-C78A-46DD-8319-EE84EB88DC9F}"
EndProject
Project("{2150E333-8FDC-42A3-9474-1A3956D46DE8}") = "Collections", "Collections", "{101F8ACD-1275-4D1B-ACB5-EDA25723BD11}"
EndProject
Project("{2150E333-8FDC-42A3-9474-1A3956D46DE8}") = "Text", "Text", "{356CB1F4-1A22-4B9D-ABD4-7F1F14BA8A70}"
EndProject
Project("{9A19103F-16F7-4668-BE54-9A1E7A4F7556}") = "StringBuilderBenchmark", "StringBuilderBenchmark\StringBuilderBenchmark.csproj", "{C33150DB-527B-47DC-9857-B156E27566C7}"
EndProject
Project("{9A19103F-16F7-4668-BE54-9A1E7A4F7556}") = "FrozenBenchmark", "FrozenBenchmark\FrozenBenchmark.csproj", "{FA7765B2-0A73-40BB-ADD9-0E5C55B68358}"
EndProject
Project("{9A19103F-16F7-4668-BE54-9A1E7A4F7556}") = "FormatBenchmark", "FormatBenchmark\FormatBenchmark.csproj", "{B7B73DE6-0B47-4CF6-916F-71171DB348FA}"
EndProject
Global
	GlobalSection(SolutionConfigurationPlatforms) = preSolution
		Debug|Any CPU = Debug|Any CPU
		Release|Any CPU = Release|Any CPU
	EndGlobalSection
	GlobalSection(ProjectConfigurationPlatforms) = postSolution
		{2009C69B-C78A-46DD-8319-EE84EB88DC9F}.Debug|Any CPU.ActiveCfg = Debug|Any CPU
		{2009C69B-C78A-46DD-8319-EE84EB88DC9F}.Debug|Any CPU.Build.0 = Debug|Any CPU
		{2009C69B-C78A-46DD-8319-EE84EB88DC9F}.Release|Any CPU.ActiveCfg = Release|Any CPU
		{2009C69B-C78A-46DD-8319-EE84EB88DC9F}.Release|Any CPU.Build.0 = Release|Any CPU
		{C33150DB-527B-47DC-9857-B156E27566C7}.Debug|Any CPU.ActiveCfg = Debug|Any CPU
		{C33150DB-527B-47DC-9857-B156E27566C7}.Debug|Any CPU.Build.0 = Debug|Any CPU
		{C33150DB-527B-47DC-9857-B156E27566C7}.Release|Any CPU.ActiveCfg = Release|Any CPU
		{C33150DB-527B-47DC-9857-B156E27566C7}.Release|Any CPU.Build.0 = Release|Any CPU
		{FA7765B2-0A73-40BB-ADD9-0E5C55B68358}.Debug|Any CPU.ActiveCfg = Debug|Any CPU
		{FA7765B2-0A73-40BB-ADD9-0E5C55B68358}.Debug|Any CPU.Build.0 = Debug|Any CPU
		{FA7765B2-0A73-40BB-ADD9-0E5C55B68358}.Release|Any CPU.ActiveCfg = Release|Any CPU
		{FA7765B2-0A73-40BB-ADD9-0E5C55B68358}.Release|Any CPU.Build.0 = Release|Any CPU
		{B7B73DE6-0B47-4CF6-916F-71171DB348FA}.Debug|Any CPU.ActiveCfg = Debug|Any CPU
		{B7B73DE6-0B47-4CF6-916F-71171DB348FA}.Debug|Any CPU.Build.0 = Debug|Any CPU
		{B7B73DE6-0B47-4CF6-916F-71171DB348FA}.Release|Any CPU.ActiveCfg = Release|Any CPU
		{B7B73DE6-0B47-4CF6-916F-71171DB348FA}.Release|Any CPU.Build.0 = Release|Any CPU
	EndGlobalSection
	GlobalSection(SolutionProperties) = preSolution
		HideSolutionNode = FALSE
	EndGlobalSection
	GlobalSection(NestedProjects) = preSolution
		{2009C69B-C78A-46DD-8319-EE84EB88DC9F} = {101F8ACD-1275-4D1B-ACB5-EDA25723BD11}
		{C33150DB-527B-47DC-9857-B156E27566C7} = {356CB1F4-1A22-4B9D-ABD4-7F1F14BA8A70}
		{FA7765B2-0A73-40BB-ADD9-0E5C55B68358} = {101F8ACD-1275-4D1B-ACB5-EDA25723BD11}
	EndGlobalSection
	GlobalSection(ExtensibilityGlobals) = postSolution
		SolutionGuid = {85392808-9360-4706-B6CF-B3DBA15662EB}
	EndGlobalSection
EndGlobal
