
Microsoft Visual Studio Solution File, Format Version 12.00
# Visual Studio Version 17
VisualStudioVersion = 17.3.32929.385
MinimumVisualStudioVersion = 10.0.40219.1
Project("{2150E333-8FDC-42A3-9474-1A3956D46DE8}") = "Solution Items", "Solution Items", "{B6718481-F573-4FBE-BD61-6C3B60779510}"
	ProjectSection(SolutionItems) = preProject
		.editorconfig = .editorconfig
		.gitattributes = .gitattributes
		.gitignore = .gitignore
		Benchmark.ruleset = Benchmark.ruleset
		Benchmark.sln.DotSettings = Benchmark.sln.DotSettings
		Directory.Build.props = Directory.Build.props
		Directory.Build.targets = Directory.Build.targets
		README.md = README.md
	EndProjectSection
EndProject
Project("{9A19103F-16F7-4668-BE54-9A1E7A4F7556}") = "LoopListBenchmark", "LoopListBenchmark\LoopListBenchmark.csproj", "{2009C69B-C78A-46DD-8319-EE84EB88DC9F}"
EndProject
Project("{2150E333-8FDC-42A3-9474-1A3956D46DE8}") = "Collections", "Collections", "{101F8ACD-1275-4D1B-ACB5-EDA25723BD11}"
EndProject
Project("{2150E333-8FDC-42A3-9474-1A3956D46DE8}") = "Text", "Text", "{356CB1F4-1A22-4B9D-ABD4-7F1F14BA8A70}"
EndProject
Project("{9A19103F-16F7-4668-BE54-9A1E7A4F7556}") = "StringBuilderBenchmark", "StringBuilderBenchmark\StringBuilderBenchmark.csproj", "{C33150DB-527B-47DC-9857-B156E27566C7}"
EndProject
Project("{9A19103F-16F7-4668-BE54-9A1E7A4F7556}") = "FrozenBenchmark", "FrozenBenchmark\FrozenBenchmark.csproj", "{FA7765B2-0A73-40BB-ADD9-0E5C55B68358}"
EndProject
Project("{9A19103F-16F7-4668-BE54-9A1E7A4F7556}") = "FormatBenchmark", "FormatBenchmark\FormatBenchmark.csproj", "{B7B73DE6-0B47-4CF6-916F-71171DB348FA}"
EndProject
Project("{2150E333-8FDC-42A3-9474-1A3956D46DE8}") = "Abstraction", "Abstraction", "{39AB3C14-CE75-484A-BAB8-65C7E5B616B9}"
EndProject
Project("{9A19103F-16F7-4668-BE54-9A1E7A4F7556}") = "CallAbstractionBenchmark", "CallAbstractionBenchmark\CallAbstractionBenchmark.csproj", "{4ED3AA28-2430-4B0C-9D3A-E6EDC20EEF99}"
EndProject
Project("{9A19103F-16F7-4668-BE54-9A1E7A4F7556}") = "TypeOfBenchmark", "TypeOfBenchmark\TypeOfBenchmark.csproj", "{7D4D7898-CA35-4A2D-8DED-42F2511971E0}"
EndProject
Project("{2150E333-8FDC-42A3-9474-1A3956D46DE8}") = "Runtime", "Runtime", "{08C7B474-EDBC-48BC-9C74-E818ED48399E}"
EndProject
Project("{9A19103F-16F7-4668-BE54-9A1E7A4F7556}") = "CallNopBenchmark", "CallNopBenchmark\CallNopBenchmark.csproj", "{66F1789B-A139-42EF-B870-87761CE40224}"
EndProject
Project("{9A19103F-16F7-4668-BE54-9A1E7A4F7556}") = "ParameterBenchmark", "ParameterBenchmark\ParameterBenchmark.csproj", "{3E67C02A-35D4-445E-9528-1DAF5E611110}"
EndProject
Project("{9A19103F-16F7-4668-BE54-9A1E7A4F7556}") = "ReadOnlyFieldBenchmark", "ReadOnlyFieldBenchmark\ReadOnlyFieldBenchmark.csproj", "{63E06442-CEB0-4D36-B736-8F61BF0F72A6}"
EndProject
Project("{2150E333-8FDC-42A3-9474-1A3956D46DE8}") = "Memory", "Memory", "{4E6178AE-5309-44DF-9AC3-3EAB2E186556}"
EndProject
Project("{9A19103F-16F7-4668-BE54-9A1E7A4F7556}") = "BufferWriteBenchmark", "BufferWriteBenchmark\BufferWriteBenchmark.csproj", "{72EBEC60-A455-4F5E-9863-93B0A7F471E0}"
EndProject
Project("{9A19103F-16F7-4668-BE54-9A1E7A4F7556}") = "SortBenchmark", "SortBenchmark\SortBenchmark.csproj", "{79DCACE9-75E9-4B58-B847-B79DF0EEE3B1}"
EndProject
Project("{9A19103F-16F7-4668-BE54-9A1E7A4F7556}") = "DictionaryMarshalBenchmark", "DictionaryMarshalBenchmark\DictionaryMarshalBenchmark.csproj", "{0787438B-5DF0-4D1E-976E-931CBB50D789}"
EndProject
Project("{FAE04EC0-301F-11D3-BF4B-00C04F79EFBC}") = "LambdaLocalBenchmark", "LambdaLocalBenchmark\LambdaLocalBenchmark.csproj", "{B57DCD92-1C93-4147-873F-D28A86558742}"
EndProject
Project("{FAE04EC0-301F-11D3-BF4B-00C04F79EFBC}") = "IndexOfAnyBenchmark", "IndexOfAnyBenchmark\IndexOfAnyBenchmark.csproj", "{E420B5BA-BB7A-4FB7-8AC7-61C4E584525A}"
EndProject
Project("{FAE04EC0-301F-11D3-BF4B-00C04F79EFBC}") = "CastBenchmark", "CastBenchmark\CastBenchmark.csproj", "{C10580D4-8FA9-4271-BB24-AE38481B416C}"
EndProject
Project("{FAE04EC0-301F-11D3-BF4B-00C04F79EFBC}") = "HandlersBenchmark", "HandlersBenchmark\HandlersBenchmark.csproj", "{F7ADF4E9-A01E-4926-A357-3812D2631AC7}"
EndProject
Project("{FAE04EC0-301F-11D3-BF4B-00C04F79EFBC}") = "BasicBenchmark", "BasicBenchmark\BasicBenchmark.csproj", "{55E85D60-E46F-44DF-A309-4B611A8A32DF}"
EndProject
Project("{FAE04EC0-301F-11D3-BF4B-00C04F79EFBC}") = "FactoryEntryBenchmark", "FactoryEntryBenchmark\FactoryEntryBenchmark.csproj", "{7D6F7156-D777-488E-9671-F9CA96BDE33D}"
EndProject
Project("{FAE04EC0-301F-11D3-BF4B-00C04F79EFBC}") = "StringHashBenchmark", "StringHashBenchmark\StringHashBenchmark.csproj", "{1A22EC10-1D11-475E-A831-F8EEB2EE34B9}"
EndProject
Project("{FAE04EC0-301F-11D3-BF4B-00C04F79EFBC}") = "GenericConverterBenchmark", "GenericConverterBenchmark\GenericConverterBenchmark.csproj", "{F7C91811-F917-4951-824F-4D070E58AB83}"
EndProject
Project("{FAE04EC0-301F-11D3-BF4B-00C04F79EFBC}") = "CalcIndexBenchmark", "CalcIndexBenchmark\CalcIndexBenchmark.csproj", "{B7103A22-DA51-4398-A049-5F3F997EB683}"
EndProject
Project("{FAE04EC0-301F-11D3-BF4B-00C04F79EFBC}") = "ParseBenchmark", "ParseBenchmark\ParseBenchmark.csproj", "{567CB5EF-472E-49A2-808F-C907134B1612}"
EndProject
Project("{FAE04EC0-301F-11D3-BF4B-00C04F79EFBC}") = "TypeConvertBenchmark", "TypeConvertBenchmark\TypeConvertBenchmark.csproj", "{21C52457-9A5D-403D-B4FE-113088818F98}"
EndProject
Project("{FAE04EC0-301F-11D3-BF4B-00C04F79EFBC}") = "FindEntryBenchmark", "FindEntryBenchmark\FindEntryBenchmark.csproj", "{64DD4A48-9EAB-4C85-9B09-DF024FCDE2C9}"
EndProject
Project("{FAE04EC0-301F-11D3-BF4B-00C04F79EFBC}") = "WorkArrayBenchmark", "WorkArrayBenchmark\WorkArrayBenchmark.csproj", "{68E91FBC-B193-42AC-96B9-D88FE5B84F99}"
EndProject
Project("{FAE04EC0-301F-11D3-BF4B-00C04F79EFBC}") = "WorkMatchBenchmark", "WorkMatchBenchmark\WorkMatchBenchmark.csproj", "{FD3F4BE7-3E9B-4769-AC15-1384B4E67C3B}"
EndProject
Project("{FAE04EC0-301F-11D3-BF4B-00C04F79EFBC}") = "CharConvertBenchmark", "CharConvertBenchmark\CharConvertBenchmark.csproj", "{2D08E4F0-9C26-4CB9-AF6F-8CC1D2BEC028}"
EndProject
Project("{FAE04EC0-301F-11D3-BF4B-00C04F79EFBC}") = "FunctionPointerBenchmark", "FunctionPointerBenchmark\FunctionPointerBenchmark.csproj", "{5C5C2160-30D3-427F-AF8D-8F4FE199C691}"
EndProject
Global
	GlobalSection(SolutionConfigurationPlatforms) = preSolution
		Debug|Any CPU = Debug|Any CPU
		Release|Any CPU = Release|Any CPU
	EndGlobalSection
	GlobalSection(ProjectConfigurationPlatforms) = postSolution
		{2009C69B-C78A-46DD-8319-EE84EB88DC9F}.Debug|Any CPU.ActiveCfg = Debug|Any CPU
		{2009C69B-C78A-46DD-8319-EE84EB88DC9F}.Debug|Any CPU.Build.0 = Debug|Any CPU
		{2009C69B-C78A-46DD-8319-EE84EB88DC9F}.Release|Any CPU.ActiveCfg = Release|Any CPU
		{2009C69B-C78A-46DD-8319-EE84EB88DC9F}.Release|Any CPU.Build.0 = Release|Any CPU
		{C33150DB-527B-47DC-9857-B156E27566C7}.Debug|Any CPU.ActiveCfg = Debug|Any CPU
		{C33150DB-527B-47DC-9857-B156E27566C7}.Debug|Any CPU.Build.0 = Debug|Any CPU
		{C33150DB-527B-47DC-9857-B156E27566C7}.Release|Any CPU.ActiveCfg = Release|Any CPU
		{C33150DB-527B-47DC-9857-B156E27566C7}.Release|Any CPU.Build.0 = Release|Any CPU
		{FA7765B2-0A73-40BB-ADD9-0E5C55B68358}.Debug|Any CPU.ActiveCfg = Debug|Any CPU
		{FA7765B2-0A73-40BB-ADD9-0E5C55B68358}.Debug|Any CPU.Build.0 = Debug|Any CPU
		{FA7765B2-0A73-40BB-ADD9-0E5C55B68358}.Release|Any CPU.ActiveCfg = Release|Any CPU
		{FA7765B2-0A73-40BB-ADD9-0E5C55B68358}.Release|Any CPU.Build.0 = Release|Any CPU
		{B7B73DE6-0B47-4CF6-916F-71171DB348FA}.Debug|Any CPU.ActiveCfg = Debug|Any CPU
		{B7B73DE6-0B47-4CF6-916F-71171DB348FA}.Debug|Any CPU.Build.0 = Debug|Any CPU
		{B7B73DE6-0B47-4CF6-916F-71171DB348FA}.Release|Any CPU.ActiveCfg = Release|Any CPU
		{B7B73DE6-0B47-4CF6-916F-71171DB348FA}.Release|Any CPU.Build.0 = Release|Any CPU
		{4ED3AA28-2430-4B0C-9D3A-E6EDC20EEF99}.Debug|Any CPU.ActiveCfg = Debug|Any CPU
		{4ED3AA28-2430-4B0C-9D3A-E6EDC20EEF99}.Debug|Any CPU.Build.0 = Debug|Any CPU
		{4ED3AA28-2430-4B0C-9D3A-E6EDC20EEF99}.Release|Any CPU.ActiveCfg = Release|Any CPU
		{4ED3AA28-2430-4B0C-9D3A-E6EDC20EEF99}.Release|Any CPU.Build.0 = Release|Any CPU
		{7D4D7898-CA35-4A2D-8DED-42F2511971E0}.Debug|Any CPU.ActiveCfg = Debug|Any CPU
		{7D4D7898-CA35-4A2D-8DED-42F2511971E0}.Debug|Any CPU.Build.0 = Debug|Any CPU
		{7D4D7898-CA35-4A2D-8DED-42F2511971E0}.Release|Any CPU.ActiveCfg = Release|Any CPU
		{7D4D7898-CA35-4A2D-8DED-42F2511971E0}.Release|Any CPU.Build.0 = Release|Any CPU
		{66F1789B-A139-42EF-B870-87761CE40224}.Debug|Any CPU.ActiveCfg = Debug|Any CPU
		{66F1789B-A139-42EF-B870-87761CE40224}.Debug|Any CPU.Build.0 = Debug|Any CPU
		{66F1789B-A139-42EF-B870-87761CE40224}.Release|Any CPU.ActiveCfg = Release|Any CPU
		{66F1789B-A139-42EF-B870-87761CE40224}.Release|Any CPU.Build.0 = Release|Any CPU
		{3E67C02A-35D4-445E-9528-1DAF5E611110}.Debug|Any CPU.ActiveCfg = Debug|Any CPU
		{3E67C02A-35D4-445E-9528-1DAF5E611110}.Debug|Any CPU.Build.0 = Debug|Any CPU
		{3E67C02A-35D4-445E-9528-1DAF5E611110}.Release|Any CPU.ActiveCfg = Release|Any CPU
		{3E67C02A-35D4-445E-9528-1DAF5E611110}.Release|Any CPU.Build.0 = Release|Any CPU
		{63E06442-CEB0-4D36-B736-8F61BF0F72A6}.Debug|Any CPU.ActiveCfg = Debug|Any CPU
		{63E06442-CEB0-4D36-B736-8F61BF0F72A6}.Debug|Any CPU.Build.0 = Debug|Any CPU
		{63E06442-CEB0-4D36-B736-8F61BF0F72A6}.Release|Any CPU.ActiveCfg = Release|Any CPU
		{63E06442-CEB0-4D36-B736-8F61BF0F72A6}.Release|Any CPU.Build.0 = Release|Any CPU
		{72EBEC60-A455-4F5E-9863-93B0A7F471E0}.Debug|Any CPU.ActiveCfg = Debug|Any CPU
		{72EBEC60-A455-4F5E-9863-93B0A7F471E0}.Debug|Any CPU.Build.0 = Debug|Any CPU
		{72EBEC60-A455-4F5E-9863-93B0A7F471E0}.Release|Any CPU.ActiveCfg = Release|Any CPU
		{72EBEC60-A455-4F5E-9863-93B0A7F471E0}.Release|Any CPU.Build.0 = Release|Any CPU
		{79DCACE9-75E9-4B58-B847-B79DF0EEE3B1}.Debug|Any CPU.ActiveCfg = Debug|Any CPU
		{79DCACE9-75E9-4B58-B847-B79DF0EEE3B1}.Debug|Any CPU.Build.0 = Debug|Any CPU
		{79DCACE9-75E9-4B58-B847-B79DF0EEE3B1}.Release|Any CPU.ActiveCfg = Release|Any CPU
		{79DCACE9-75E9-4B58-B847-B79DF0EEE3B1}.Release|Any CPU.Build.0 = Release|Any CPU
		{0787438B-5DF0-4D1E-976E-931CBB50D789}.Debug|Any CPU.ActiveCfg = Debug|Any CPU
		{0787438B-5DF0-4D1E-976E-931CBB50D789}.Debug|Any CPU.Build.0 = Debug|Any CPU
		{0787438B-5DF0-4D1E-976E-931CBB50D789}.Release|Any CPU.ActiveCfg = Release|Any CPU
		{0787438B-5DF0-4D1E-976E-931CBB50D789}.Release|Any CPU.Build.0 = Release|Any CPU
		{B57DCD92-1C93-4147-873F-D28A86558742}.Debug|Any CPU.ActiveCfg = Debug|Any CPU
		{B57DCD92-1C93-4147-873F-D28A86558742}.Debug|Any CPU.Build.0 = Debug|Any CPU
		{B57DCD92-1C93-4147-873F-D28A86558742}.Release|Any CPU.ActiveCfg = Release|Any CPU
		{B57DCD92-1C93-4147-873F-D28A86558742}.Release|Any CPU.Build.0 = Release|Any CPU
		{E420B5BA-BB7A-4FB7-8AC7-61C4E584525A}.Debug|Any CPU.ActiveCfg = Debug|Any CPU
		{E420B5BA-BB7A-4FB7-8AC7-61C4E584525A}.Debug|Any CPU.Build.0 = Debug|Any CPU
		{E420B5BA-BB7A-4FB7-8AC7-61C4E584525A}.Release|Any CPU.ActiveCfg = Release|Any CPU
		{E420B5BA-BB7A-4FB7-8AC7-61C4E584525A}.Release|Any CPU.Build.0 = Release|Any CPU
		{C10580D4-8FA9-4271-BB24-AE38481B416C}.Debug|Any CPU.ActiveCfg = Debug|Any CPU
		{C10580D4-8FA9-4271-BB24-AE38481B416C}.Debug|Any CPU.Build.0 = Debug|Any CPU
		{C10580D4-8FA9-4271-BB24-AE38481B416C}.Release|Any CPU.ActiveCfg = Release|Any CPU
		{C10580D4-8FA9-4271-BB24-AE38481B416C}.Release|Any CPU.Build.0 = Release|Any CPU
		{F7ADF4E9-A01E-4926-A357-3812D2631AC7}.Debug|Any CPU.ActiveCfg = Debug|Any CPU
		{F7ADF4E9-A01E-4926-A357-3812D2631AC7}.Debug|Any CPU.Build.0 = Debug|Any CPU
		{F7ADF4E9-A01E-4926-A357-3812D2631AC7}.Release|Any CPU.ActiveCfg = Release|Any CPU
		{F7ADF4E9-A01E-4926-A357-3812D2631AC7}.Release|Any CPU.Build.0 = Release|Any CPU
		{55E85D60-E46F-44DF-A309-4B611A8A32DF}.Debug|Any CPU.ActiveCfg = Debug|Any CPU
		{55E85D60-E46F-44DF-A309-4B611A8A32DF}.Debug|Any CPU.Build.0 = Debug|Any CPU
		{55E85D60-E46F-44DF-A309-4B611A8A32DF}.Release|Any CPU.ActiveCfg = Release|Any CPU
		{55E85D60-E46F-44DF-A309-4B611A8A32DF}.Release|Any CPU.Build.0 = Release|Any CPU
		{7D6F7156-D777-488E-9671-F9CA96BDE33D}.Debug|Any CPU.ActiveCfg = Debug|Any CPU
		{7D6F7156-D777-488E-9671-F9CA96BDE33D}.Debug|Any CPU.Build.0 = Debug|Any CPU
		{7D6F7156-D777-488E-9671-F9CA96BDE33D}.Release|Any CPU.ActiveCfg = Release|Any CPU
		{7D6F7156-D777-488E-9671-F9CA96BDE33D}.Release|Any CPU.Build.0 = Release|Any CPU
		{1A22EC10-1D11-475E-A831-F8EEB2EE34B9}.Debug|Any CPU.ActiveCfg = Debug|Any CPU
		{1A22EC10-1D11-475E-A831-F8EEB2EE34B9}.Debug|Any CPU.Build.0 = Debug|Any CPU
		{1A22EC10-1D11-475E-A831-F8EEB2EE34B9}.Release|Any CPU.ActiveCfg = Release|Any CPU
		{1A22EC10-1D11-475E-A831-F8EEB2EE34B9}.Release|Any CPU.Build.0 = Release|Any CPU
		{F7C91811-F917-4951-824F-4D070E58AB83}.Debug|Any CPU.ActiveCfg = Debug|Any CPU
		{F7C91811-F917-4951-824F-4D070E58AB83}.Debug|Any CPU.Build.0 = Debug|Any CPU
		{F7C91811-F917-4951-824F-4D070E58AB83}.Release|Any CPU.ActiveCfg = Release|Any CPU
		{F7C91811-F917-4951-824F-4D070E58AB83}.Release|Any CPU.Build.0 = Release|Any CPU
		{B7103A22-DA51-4398-A049-5F3F997EB683}.Debug|Any CPU.ActiveCfg = Debug|Any CPU
		{B7103A22-DA51-4398-A049-5F3F997EB683}.Debug|Any CPU.Build.0 = Debug|Any CPU
		{B7103A22-DA51-4398-A049-5F3F997EB683}.Release|Any CPU.ActiveCfg = Release|Any CPU
		{B7103A22-DA51-4398-A049-5F3F997EB683}.Release|Any CPU.Build.0 = Release|Any CPU
		{567CB5EF-472E-49A2-808F-C907134B1612}.Debug|Any CPU.ActiveCfg = Debug|Any CPU
		{567CB5EF-472E-49A2-808F-C907134B1612}.Debug|Any CPU.Build.0 = Debug|Any CPU
		{567CB5EF-472E-49A2-808F-C907134B1612}.Release|Any CPU.ActiveCfg = Release|Any CPU
		{567CB5EF-472E-49A2-808F-C907134B1612}.Release|Any CPU.Build.0 = Release|Any CPU
		{21C52457-9A5D-403D-B4FE-113088818F98}.Debug|Any CPU.ActiveCfg = Debug|Any CPU
		{21C52457-9A5D-403D-B4FE-113088818F98}.Debug|Any CPU.Build.0 = Debug|Any CPU
		{21C52457-9A5D-403D-B4FE-113088818F98}.Release|Any CPU.ActiveCfg = Release|Any CPU
		{21C52457-9A5D-403D-B4FE-113088818F98}.Release|Any CPU.Build.0 = Release|Any CPU
		{64DD4A48-9EAB-4C85-9B09-DF024FCDE2C9}.Debug|Any CPU.ActiveCfg = Debug|Any CPU
		{64DD4A48-9EAB-4C85-9B09-DF024FCDE2C9}.Debug|Any CPU.Build.0 = Debug|Any CPU
		{64DD4A48-9EAB-4C85-9B09-DF024FCDE2C9}.Release|Any CPU.ActiveCfg = Release|Any CPU
		{64DD4A48-9EAB-4C85-9B09-DF024FCDE2C9}.Release|Any CPU.Build.0 = Release|Any CPU
		{68E91FBC-B193-42AC-96B9-D88FE5B84F99}.Debug|Any CPU.ActiveCfg = Debug|Any CPU
		{68E91FBC-B193-42AC-96B9-D88FE5B84F99}.Debug|Any CPU.Build.0 = Debug|Any CPU
		{68E91FBC-B193-42AC-96B9-D88FE5B84F99}.Release|Any CPU.ActiveCfg = Release|Any CPU
		{68E91FBC-B193-42AC-96B9-D88FE5B84F99}.Release|Any CPU.Build.0 = Release|Any CPU
		{FD3F4BE7-3E9B-4769-AC15-1384B4E67C3B}.Debug|Any CPU.ActiveCfg = Debug|Any CPU
		{FD3F4BE7-3E9B-4769-AC15-1384B4E67C3B}.Debug|Any CPU.Build.0 = Debug|Any CPU
		{FD3F4BE7-3E9B-4769-AC15-1384B4E67C3B}.Release|Any CPU.ActiveCfg = Release|Any CPU
		{FD3F4BE7-3E9B-4769-AC15-1384B4E67C3B}.Release|Any CPU.Build.0 = Release|Any CPU
		{2D08E4F0-9C26-4CB9-AF6F-8CC1D2BEC028}.Debug|Any CPU.ActiveCfg = Debug|Any CPU
		{2D08E4F0-9C26-4CB9-AF6F-8CC1D2BEC028}.Debug|Any CPU.Build.0 = Debug|Any CPU
		{2D08E4F0-9C26-4CB9-AF6F-8CC1D2BEC028}.Release|Any CPU.ActiveCfg = Release|Any CPU
		{2D08E4F0-9C26-4CB9-AF6F-8CC1D2BEC028}.Release|Any CPU.Build.0 = Release|Any CPU
		{5C5C2160-30D3-427F-AF8D-8F4FE199C691}.Debug|Any CPU.ActiveCfg = Debug|Any CPU
		{5C5C2160-30D3-427F-AF8D-8F4FE199C691}.Debug|Any CPU.Build.0 = Debug|Any CPU
		{5C5C2160-30D3-427F-AF8D-8F4FE199C691}.Release|Any CPU.ActiveCfg = Release|Any CPU
		{5C5C2160-30D3-427F-AF8D-8F4FE199C691}.Release|Any CPU.Build.0 = Release|Any CPU
	EndGlobalSection
	GlobalSection(SolutionProperties) = preSolution
		HideSolutionNode = FALSE
	EndGlobalSection
	GlobalSection(NestedProjects) = preSolution
		{2009C69B-C78A-46DD-8319-EE84EB88DC9F} = {101F8ACD-1275-4D1B-ACB5-EDA25723BD11}
		{C33150DB-527B-47DC-9857-B156E27566C7} = {356CB1F4-1A22-4B9D-ABD4-7F1F14BA8A70}
		{FA7765B2-0A73-40BB-ADD9-0E5C55B68358} = {101F8ACD-1275-4D1B-ACB5-EDA25723BD11}
		{B7B73DE6-0B47-4CF6-916F-71171DB348FA} = {356CB1F4-1A22-4B9D-ABD4-7F1F14BA8A70}
		{4ED3AA28-2430-4B0C-9D3A-E6EDC20EEF99} = {39AB3C14-CE75-484A-BAB8-65C7E5B616B9}
		{7D4D7898-CA35-4A2D-8DED-42F2511971E0} = {08C7B474-EDBC-48BC-9C74-E818ED48399E}
		{66F1789B-A139-42EF-B870-87761CE40224} = {39AB3C14-CE75-484A-BAB8-65C7E5B616B9}
		{72EBEC60-A455-4F5E-9863-93B0A7F471E0} = {4E6178AE-5309-44DF-9AC3-3EAB2E186556}
		{0787438B-5DF0-4D1E-976E-931CBB50D789} = {101F8ACD-1275-4D1B-ACB5-EDA25723BD11}
		{E420B5BA-BB7A-4FB7-8AC7-61C4E584525A} = {356CB1F4-1A22-4B9D-ABD4-7F1F14BA8A70}
		{C10580D4-8FA9-4271-BB24-AE38481B416C} = {08C7B474-EDBC-48BC-9C74-E818ED48399E}
		{F7ADF4E9-A01E-4926-A357-3812D2631AC7} = {101F8ACD-1275-4D1B-ACB5-EDA25723BD11}
		{5C5C2160-30D3-427F-AF8D-8F4FE199C691} = {39AB3C14-CE75-484A-BAB8-65C7E5B616B9}
	EndGlobalSection
	GlobalSection(ExtensibilityGlobals) = postSolution
		SolutionGuid = {85392808-9360-4706-B6CF-B3DBA15662EB}
	EndGlobalSection
EndGlobal
