
Microsoft Visual Studio Solution File, Format Version 12.00
# Visual Studio Version 17
VisualStudioVersion = 17.3.32929.385
MinimumVisualStudioVersion = 10.0.40219.1
Project("{FAE04EC0-301F-11D3-BF4B-00C04F79EFBC}") = "BinarySearchBenchmark", "BinarySearchBenchmark\BinarySearchBenchmark.csproj", "{ACFE67E0-E0B4-458F-BBA4-D6794014E62B}"
EndProject
Project("{2150E333-8FDC-42A3-9474-1A3956D46DE8}") = "ソリューション項目", "ソリューション項目", "{B9E63875-2EF1-43C4-8316-B877D50E3499}"
	ProjectSection(SolutionItems) = preProject
		README.md = README.md
	EndProjectSection
EndProject
Global
	GlobalSection(SolutionConfigurationPlatforms) = preSolution
		Debug|Any CPU = Debug|Any CPU
		Release|Any CPU = Release|Any CPU
	EndGlobalSection
	GlobalSection(ProjectConfigurationPlatforms) = postSolution
		{ACFE67E0-E0B4-458F-BBA4-D6794014E62B}.Debug|Any CPU.ActiveCfg = Debug|Any CPU
		{ACFE67E0-E0B4-458F-BBA4-D6794014E62B}.Debug|Any CPU.Build.0 = Debug|Any CPU
		{ACFE67E0-E0B4-458F-BBA4-D6794014E62B}.Release|Any CPU.ActiveCfg = Release|Any CPU
		{ACFE67E0-E0B4-458F-BBA4-D6794014E62B}.Release|Any CPU.Build.0 = Release|Any CPU
	EndGlobalSection
	GlobalSection(SolutionProperties) = preSolution
		HideSolutionNode = FALSE
	EndGlobalSection
	GlobalSection(ExtensibilityGlobals) = postSolution
		SolutionGuid = {CEB76B1D-E1E4-4C75-B947-638CDC59542B}
	EndGlobalSection
EndGlobal
