
Microsoft Visual Studio Solution File, Format Version 12.00
# Visual Studio 15
VisualStudioVersion = 15.0.27130.2024
MinimumVisualStudioVersion = 10.0.40219.1
Project("{2150E333-8FDC-42A3-9474-1A3956D46DE8}") = "Solution Items", "Solution Items", "{CAA1F641-80D9-4FFC-8BB4-44AFCFCF16A1}"
	ProjectSection(SolutionItems) = preProject
		DynamicMethodBenshmark.sln.DotSettings = DynamicMethodBenshmark.sln.DotSettings
		README.md = README.md
	EndProjectSection
EndProject
Project("{9A19103F-16F7-4668-BE54-9A1E7A4F7556}") = "DynamicMethodBenshmark", "DynamicMethodBenshmark\DynamicMethodBenshmark.csproj", "{79C3CA01-93C9-45BA-BC07-2C79C5CB38FD}"
EndProject
Global
	GlobalSection(SolutionConfigurationPlatforms) = preSolution
		Debug|Any CPU = Debug|Any CPU
		Release|Any CPU = Release|Any CPU
	EndGlobalSection
	GlobalSection(ProjectConfigurationPlatforms) = postSolution
		{79C3CA01-93C9-45BA-BC07-2C79C5CB38FD}.Debug|Any CPU.ActiveCfg = Debug|Any CPU
		{79C3CA01-93C9-45BA-BC07-2C79C5CB38FD}.Debug|Any CPU.Build.0 = Debug|Any CPU
		{79C3CA01-93C9-45BA-BC07-2C79C5CB38FD}.Release|Any CPU.ActiveCfg = Release|Any CPU
		{79C3CA01-93C9-45BA-BC07-2C79C5CB38FD}.Release|Any CPU.Build.0 = Release|Any CPU
	EndGlobalSection
	GlobalSection(SolutionProperties) = preSolution
		HideSolutionNode = FALSE
	EndGlobalSection
	GlobalSection(ExtensibilityGlobals) = postSolution
		SolutionGuid = {91FA9B78-84EB-4754-B060-BA686E8A9077}
	EndGlobalSection
EndGlobal
