
Microsoft Visual Studio Solution File, Format Version 12.00
# Visual Studio Version 16
VisualStudioVersion = 16.0.31321.278
MinimumVisualStudioVersion = 10.0.40219.1
Project("{FAE04EC0-301F-11D3-BF4B-00C04F79EFBC}") = "DelegateBenchmark", "DelegateBenchmark\DelegateBenchmark.csproj", "{281C847F-83A4-4AD6-8201-67AC2BB33C01}"
EndProject
Global
	GlobalSection(SolutionConfigurationPlatforms) = preSolution
		Debug|Any CPU = Debug|Any CPU
		Release|Any CPU = Release|Any CPU
	EndGlobalSection
	GlobalSection(ProjectConfigurationPlatforms) = postSolution
		{281C847F-83A4-4AD6-8201-67AC2BB33C01}.Debug|Any CPU.ActiveCfg = Debug|Any CPU
		{281C847F-83A4-4AD6-8201-67AC2BB33C01}.Debug|Any CPU.Build.0 = Debug|Any CPU
		{281C847F-83A4-4AD6-8201-67AC2BB33C01}.Release|Any CPU.ActiveCfg = Release|Any CPU
		{281C847F-83A4-4AD6-8201-67AC2BB33C01}.Release|Any CPU.Build.0 = Release|Any CPU
	EndGlobalSection
	GlobalSection(SolutionProperties) = preSolution
		HideSolutionNode = FALSE
	EndGlobalSection
	GlobalSection(ExtensibilityGlobals) = postSolution
		SolutionGuid = {43177E1A-CF73-4D19-9DEC-8B9FAD090615}
	EndGlobalSection
EndGlobal
