
Microsoft Visual Studio Solution File, Format Version 12.00
# Visual Studio Version 16
VisualStudioVersion = 16.0.31624.102
MinimumVisualStudioVersion = 10.0.40219.1
Project("{9A19103F-16F7-4668-BE54-9A1E7A4F7556}") = "ContainerConverterBenchmark", "ContainerConverterBenchmark\ContainerConverterBenchmark.csproj", "{3FB7D520-DBFA-4296-92CA-ACA5706EFD32}"
EndProject
Project("{2150E333-8FDC-42A3-9474-1A3956D46DE8}") = "Solution Items", "Solution Items", "{7A1D371A-038E-4FFB-AA7F-ECCAA5C27E1D}"
	ProjectSection(SolutionItems) = preProject
		ContainerConverterBenchmark.sln.DotSettings = ContainerConverterBenchmark.sln.DotSettings
		README.md = README.md
	EndProjectSection
EndProject
Global
	GlobalSection(SolutionConfigurationPlatforms) = preSolution
		Debug|Any CPU = Debug|Any CPU
		Release|Any CPU = Release|Any CPU
	EndGlobalSection
	GlobalSection(ProjectConfigurationPlatforms) = postSolution
		{3FB7D520-DBFA-4296-92CA-ACA5706EFD32}.Debug|Any CPU.ActiveCfg = Debug|Any CPU
		{3FB7D520-DBFA-4296-92CA-ACA5706EFD32}.Debug|Any CPU.Build.0 = Debug|Any CPU
		{3FB7D520-DBFA-4296-92CA-ACA5706EFD32}.Release|Any CPU.ActiveCfg = Release|Any CPU
		{3FB7D520-DBFA-4296-92CA-ACA5706EFD32}.Release|Any CPU.Build.0 = Release|Any CPU
	EndGlobalSection
	GlobalSection(SolutionProperties) = preSolution
		HideSolutionNode = FALSE
	EndGlobalSection
	GlobalSection(ExtensibilityGlobals) = postSolution
		SolutionGuid = {D3D22C02-98FA-4F58-B023-F7FEE1F232B7}
	EndGlobalSection
EndGlobal
