
Microsoft Visual Studio Solution File, Format Version 12.00
# Visual Studio Version 17
VisualStudioVersion = 17.1.32228.430
MinimumVisualStudioVersion = 10.0.40219.1
Project("{FAE04EC0-301F-11D3-BF4B-00C04F79EFBC}") = "SealedBenchmark", "SealedBenchmark\SealedBenchmark.csproj", "{958D1654-5483-4C6F-87FA-93BE1F40B642}"
EndProject
Global
	GlobalSection(SolutionConfigurationPlatforms) = preSolution
		Debug|Any CPU = Debug|Any CPU
		Release|Any CPU = Release|Any CPU
	EndGlobalSection
	GlobalSection(ProjectConfigurationPlatforms) = postSolution
		{958D1654-5483-4C6F-87FA-93BE1F40B642}.Debug|Any CPU.ActiveCfg = Debug|Any CPU
		{958D1654-5483-4C6F-87FA-93BE1F40B642}.Debug|Any CPU.Build.0 = Debug|Any CPU
		{958D1654-5483-4C6F-87FA-93BE1F40B642}.Release|Any CPU.ActiveCfg = Release|Any CPU
		{958D1654-5483-4C6F-87FA-93BE1F40B642}.Release|Any CPU.Build.0 = Release|Any CPU
	EndGlobalSection
	GlobalSection(SolutionProperties) = preSolution
		HideSolutionNode = FALSE
	EndGlobalSection
	GlobalSection(ExtensibilityGlobals) = postSolution
		SolutionGuid = {1350A889-C349-4366-8EE4-E67BF297A0C8}
	EndGlobalSection
EndGlobal
