
Microsoft Visual Studio Solution File, Format Version 12.00
# Visual Studio Version 17
VisualStudioVersion = 17.3.32929.385
MinimumVisualStudioVersion = 10.0.40219.1
Project("{FAE04EC0-301F-11D3-BF4B-00C04F79EFBC}") = "AbstractCallBenchmark", "AbstractCallBenchmark\AbstractCallBenchmark.csproj", "{9A641A60-3304-4B79-8D23-5150263903D5}"
EndProject
Project("{2150E333-8FDC-42A3-9474-1A3956D46DE8}") = "ソリューション項目", "ソリューション項目", "{30DD5E17-AD35-4324-ADE8-41C4C31C5EDB}"
	ProjectSection(SolutionItems) = preProject
		README.md = README.md
	EndProjectSection
EndProject
Global
	GlobalSection(SolutionConfigurationPlatforms) = preSolution
		Debug|Any CPU = Debug|Any CPU
		Release|Any CPU = Release|Any CPU
	EndGlobalSection
	GlobalSection(ProjectConfigurationPlatforms) = postSolution
		{9A641A60-3304-4B79-8D23-5150263903D5}.Debug|Any CPU.ActiveCfg = Debug|Any CPU
		{9A641A60-3304-4B79-8D23-5150263903D5}.Debug|Any CPU.Build.0 = Debug|Any CPU
		{9A641A60-3304-4B79-8D23-5150263903D5}.Release|Any CPU.ActiveCfg = Release|Any CPU
		{9A641A60-3304-4B79-8D23-5150263903D5}.Release|Any CPU.Build.0 = Release|Any CPU
	EndGlobalSection
	GlobalSection(SolutionProperties) = preSolution
		HideSolutionNode = FALSE
	EndGlobalSection
	GlobalSection(ExtensibilityGlobals) = postSolution
		SolutionGuid = {989CBCB4-F2B3-49D4-A0AC-5B8EAD89DB6D}
	EndGlobalSection
EndGlobal
