
Microsoft Visual Studio Solution File, Format Version 12.00
# Visual Studio Version 16
VisualStudioVersion = 16.0.30717.126
MinimumVisualStudioVersion = 10.0.40219.1
Project("{FAE04EC0-301F-11D3-BF4B-00C04F79EFBC}") = "BufferBenchmark", "BufferBenchmark\BufferBenchmark.csproj", "{939E436A-7474-4967-898A-9B56EAE3EAC2}"
EndProject
Global
	GlobalSection(SolutionConfigurationPlatforms) = preSolution
		Debug|Any CPU = Debug|Any CPU
		Release|Any CPU = Release|Any CPU
	EndGlobalSection
	GlobalSection(ProjectConfigurationPlatforms) = postSolution
		{939E436A-7474-4967-898A-9B56EAE3EAC2}.Debug|Any CPU.ActiveCfg = Debug|Any CPU
		{939E436A-7474-4967-898A-9B56EAE3EAC2}.Debug|Any CPU.Build.0 = Debug|Any CPU
		{939E436A-7474-4967-898A-9B56EAE3EAC2}.Release|Any CPU.ActiveCfg = Release|Any CPU
		{939E436A-7474-4967-898A-9B56EAE3EAC2}.Release|Any CPU.Build.0 = Release|Any CPU
	EndGlobalSection
	GlobalSection(SolutionProperties) = preSolution
		HideSolutionNode = FALSE
	EndGlobalSection
	GlobalSection(ExtensibilityGlobals) = postSolution
		SolutionGuid = {3CC9BEFB-1B3E-47B3-A564-003B575DA49B}
	EndGlobalSection
EndGlobal
