
Microsoft Visual Studio Solution File, Format Version 12.00
# Visual Studio 15
VisualStudioVersion = 15.0.27428.2043
MinimumVisualStudioVersion = 10.0.40219.1
Project("{9A19103F-16F7-4668-BE54-9A1E7A4F7556}") = "EquatableBenchmark", "EquatableBenchmark\EquatableBenchmark.csproj", "{384D1174-A7AF-4842-8FAC-EFDA072AA9FC}"
EndProject
Global
	GlobalSection(SolutionConfigurationPlatforms) = preSolution
		Debug|Any CPU = Debug|Any CPU
		Release|Any CPU = Release|Any CPU
	EndGlobalSection
	GlobalSection(ProjectConfigurationPlatforms) = postSolution
		{384D1174-A7AF-4842-8FAC-EFDA072AA9FC}.Debug|Any CPU.ActiveCfg = Debug|Any CPU
		{384D1174-A7AF-4842-8FAC-EFDA072AA9FC}.Debug|Any CPU.Build.0 = Debug|Any CPU
		{384D1174-A7AF-4842-8FAC-EFDA072AA9FC}.Release|Any CPU.ActiveCfg = Release|Any CPU
		{384D1174-A7AF-4842-8FAC-EFDA072AA9FC}.Release|Any CPU.Build.0 = Release|Any CPU
	EndGlobalSection
	GlobalSection(SolutionProperties) = preSolution
		HideSolutionNode = FALSE
	EndGlobalSection
	GlobalSection(ExtensibilityGlobals) = postSolution
		SolutionGuid = {A7E1345F-2AD9-4DC5-9BEB-FD43EE924B4A}
	EndGlobalSection
EndGlobal
