
Microsoft Visual Studio Solution File, Format Version 12.00
# Visual Studio Version 17
VisualStudioVersion = 17.2.32630.192
MinimumVisualStudioVersion = 10.0.40219.1
Project("{9A19103F-16F7-4668-BE54-9A1E7A4F7556}") = "CallbackBenchmark", "CallbackBenchmark\CallbackBenchmark.csproj", "{1290BEA2-7501-4E93-BC2B-65E332A322DB}"
EndProject
Project("{2150E333-8FDC-42A3-9474-1A3956D46DE8}") = "Solution Items", "Solution Items", "{9FDFD1B2-0903-4655-9690-10E768218109}"
	ProjectSection(SolutionItems) = preProject
		README.md = README.md
	EndProjectSection
EndProject
Global
	GlobalSection(SolutionConfigurationPlatforms) = preSolution
		Debug|Any CPU = Debug|Any CPU
		Release|Any CPU = Release|Any CPU
	EndGlobalSection
	GlobalSection(ProjectConfigurationPlatforms) = postSolution
		{1290BEA2-7501-4E93-BC2B-65E332A322DB}.Debug|Any CPU.ActiveCfg = Debug|Any CPU
		{1290BEA2-7501-4E93-BC2B-65E332A322DB}.Debug|Any CPU.Build.0 = Debug|Any CPU
		{1290BEA2-7501-4E93-BC2B-65E332A322DB}.Release|Any CPU.ActiveCfg = Release|Any CPU
		{1290BEA2-7501-4E93-BC2B-65E332A322DB}.Release|Any CPU.Build.0 = Release|Any CPU
	EndGlobalSection
	GlobalSection(SolutionProperties) = preSolution
		HideSolutionNode = FALSE
	EndGlobalSection
	GlobalSection(ExtensibilityGlobals) = postSolution
		SolutionGuid = {9D36B1FD-CC77-43B2-85B5-66141FBD3EA0}
	EndGlobalSection
EndGlobal
