
Microsoft Visual Studio Solution File, Format Version 12.00
# Visual Studio Version 16
VisualStudioVersion = 16.0.30717.126
MinimumVisualStudioVersion = 10.0.40219.1
Project("{FAE04EC0-301F-11D3-BF4B-00C04F79EFBC}") = "StructArgumentBenchmark", "StructArgumentBenchmark\StructArgumentBenchmark.csproj", "{027C9670-3CFE-460F-B17C-2E8D04497DB5}"
EndProject
Global
	GlobalSection(SolutionConfigurationPlatforms) = preSolution
		Debug|Any CPU = Debug|Any CPU
		Release|Any CPU = Release|Any CPU
	EndGlobalSection
	GlobalSection(ProjectConfigurationPlatforms) = postSolution
		{027C9670-3CFE-460F-B17C-2E8D04497DB5}.Debug|Any CPU.ActiveCfg = Debug|Any CPU
		{027C9670-3CFE-460F-B17C-2E8D04497DB5}.Debug|Any CPU.Build.0 = Debug|Any CPU
		{027C9670-3CFE-460F-B17C-2E8D04497DB5}.Release|Any CPU.ActiveCfg = Release|Any CPU
		{027C9670-3CFE-460F-B17C-2E8D04497DB5}.Release|Any CPU.Build.0 = Release|Any CPU
	EndGlobalSection
	GlobalSection(SolutionProperties) = preSolution
		HideSolutionNode = FALSE
	EndGlobalSection
	GlobalSection(ExtensibilityGlobals) = postSolution
		SolutionGuid = {BBDB1EDB-A808-4FD5-8475-800CE914690A}
	EndGlobalSection
EndGlobal
