
Microsoft Visual Studio Solution File, Format Version 12.00
# Visual Studio Version 16
VisualStudioVersion = 16.0.30317.65
MinimumVisualStudioVersion = 10.0.40219.1
Project("{9A19103F-16F7-4668-BE54-9A1E7A4F7556}") = "CallBenchmark50", "CallBenchmark50\CallBenchmark50.csproj", "{2A8A6F5C-1ECA-4D75-9B7A-FEE16F683348}"
EndProject
Project("{2150E333-8FDC-42A3-9474-1A3956D46DE8}") = "Solution Items", "Solution Items", "{145D2729-F96A-41DD-8CA1-D46222B92DB5}"
	ProjectSection(SolutionItems) = preProject
		README.md = README.md
	EndProjectSection
EndProject
Global
	GlobalSection(SolutionConfigurationPlatforms) = preSolution
		Debug|Any CPU = Debug|Any CPU
		Release|Any CPU = Release|Any CPU
	EndGlobalSection
	GlobalSection(ProjectConfigurationPlatforms) = postSolution
		{2A8A6F5C-1ECA-4D75-9B7A-FEE16F683348}.Debug|Any CPU.ActiveCfg = Debug|Any CPU
		{2A8A6F5C-1ECA-4D75-9B7A-FEE16F683348}.Debug|Any CPU.Build.0 = Debug|Any CPU
		{2A8A6F5C-1ECA-4D75-9B7A-FEE16F683348}.Release|Any CPU.ActiveCfg = Release|Any CPU
		{2A8A6F5C-1ECA-4D75-9B7A-FEE16F683348}.Release|Any CPU.Build.0 = Release|Any CPU
	EndGlobalSection
	GlobalSection(SolutionProperties) = preSolution
		HideSolutionNode = FALSE
	EndGlobalSection
	GlobalSection(ExtensibilityGlobals) = postSolution
		SolutionGuid = {636AE849-42C6-4929-99A0-7F7CD09B4111}
	EndGlobalSection
EndGlobal
