
Microsoft Visual Studio Solution File, Format Version 12.00
# Visual Studio Version 16
VisualStudioVersion = 16.0.30317.65
MinimumVisualStudioVersion = 10.0.40219.1
Project("{FAE04EC0-301F-11D3-BF4B-00C04F79EFBC}") = "CallBenchmark50", "CallBenchmark50\CallBenchmark50.csproj", "{2A8A6F5C-1ECA-4D75-9B7A-FEE16F683348}"
EndProject
Global
	GlobalSection(SolutionConfigurationPlatforms) = preSolution
		Debug|Any CPU = Debug|Any CPU
		Release|Any CPU = Release|Any CPU
	EndGlobalSection
	GlobalSection(ProjectConfigurationPlatforms) = postSolution
		{2A8A6F5C-1ECA-4D75-9B7A-FEE16F683348}.Debug|Any CPU.ActiveCfg = Debug|Any CPU
		{2A8A6F5C-1ECA-4D75-9B7A-FEE16F683348}.Debug|Any CPU.Build.0 = Debug|Any CPU
		{2A8A6F5C-1ECA-4D75-9B7A-FEE16F683348}.Release|Any CPU.ActiveCfg = Release|Any CPU
		{2A8A6F5C-1ECA-4D75-9B7A-FEE16F683348}.Release|Any CPU.Build.0 = Release|Any CPU
	EndGlobalSection
	GlobalSection(SolutionProperties) = preSolution
		HideSolutionNode = FALSE
	EndGlobalSection
	GlobalSection(ExtensibilityGlobals) = postSolution
		SolutionGuid = {636AE849-42C6-4929-99A0-7F7CD09B4111}
	EndGlobalSection
EndGlobal
