
Microsoft Visual Studio Solution File, Format Version 12.00
# Visual Studio Version 16
VisualStudioVersion = 16.0.28803.452
MinimumVisualStudioVersion = 10.0.40219.1
Project("{9A19103F-16F7-4668-BE54-9A1E7A4F7556}") = "TryBenchmark", "TryBenchmark\TryBenchmark.csproj", "{45E73D17-9E92-483A-96A7-7E53F36CE5E0}"
EndProject
Project("{2150E333-8FDC-42A3-9474-1A3956D46DE8}") = "Solution Items", "Solution Items", "{15444359-71E9-403B-96A7-9D2754A3FC68}"
	ProjectSection(SolutionItems) = preProject
		README.md = README.md
	EndProjectSection
EndProject
Global
	GlobalSection(SolutionConfigurationPlatforms) = preSolution
		Debug|Any CPU = Debug|Any CPU
		Release|Any CPU = Release|Any CPU
	EndGlobalSection
	GlobalSection(ProjectConfigurationPlatforms) = postSolution
		{45E73D17-9E92-483A-96A7-7E53F36CE5E0}.Debug|Any CPU.ActiveCfg = Debug|Any CPU
		{45E73D17-9E92-483A-96A7-7E53F36CE5E0}.Debug|Any CPU.Build.0 = Debug|Any CPU
		{45E73D17-9E92-483A-96A7-7E53F36CE5E0}.Release|Any CPU.ActiveCfg = Release|Any CPU
		{45E73D17-9E92-483A-96A7-7E53F36CE5E0}.Release|Any CPU.Build.0 = Release|Any CPU
	EndGlobalSection
	GlobalSection(SolutionProperties) = preSolution
		HideSolutionNode = FALSE
	EndGlobalSection
	GlobalSection(ExtensibilityGlobals) = postSolution
		SolutionGuid = {8ACFC657-536F-4595-BA91-166B45C7A37E}
	EndGlobalSection
EndGlobal
