
Microsoft Visual Studio Solution File, Format Version 12.00
# Visual Studio Version 17
VisualStudioVersion = 17.1.32228.430
MinimumVisualStudioVersion = 10.0.40219.1
Project("{9A19103F-16F7-4668-BE54-9A1E7A4F7556}") = "DisposableBenchmark", "DisposableBenchmark\DisposableBenchmark.csproj", "{76B65010-64FB-4229-BB42-188FE9E74227}"
EndProject
Project("{2150E333-8FDC-42A3-9474-1A3956D46DE8}") = "Solution Items", "Solution Items", "{A61C995D-B956-42C4-98C2-FEB56BD8202C}"
	ProjectSection(SolutionItems) = preProject
		DisposableBenchmark.sln.DotSettings = DisposableBenchmark.sln.DotSettings
		README.md = README.md
	EndProjectSection
EndProject
Global
	GlobalSection(SolutionConfigurationPlatforms) = preSolution
		Debug|Any CPU = Debug|Any CPU
		Release|Any CPU = Release|Any CPU
	EndGlobalSection
	GlobalSection(ProjectConfigurationPlatforms) = postSolution
		{76B65010-64FB-4229-BB42-188FE9E74227}.Debug|Any CPU.ActiveCfg = Debug|Any CPU
		{76B65010-64FB-4229-BB42-188FE9E74227}.Debug|Any CPU.Build.0 = Debug|Any CPU
		{76B65010-64FB-4229-BB42-188FE9E74227}.Release|Any CPU.ActiveCfg = Release|Any CPU
		{76B65010-64FB-4229-BB42-188FE9E74227}.Release|Any CPU.Build.0 = Release|Any CPU
	EndGlobalSection
	GlobalSection(SolutionProperties) = preSolution
		HideSolutionNode = FALSE
	EndGlobalSection
	GlobalSection(ExtensibilityGlobals) = postSolution
		SolutionGuid = {97917887-AC92-49BC-8366-9F524B87EEC2}
	EndGlobalSection
EndGlobal
