
Microsoft Visual Studio Solution File, Format Version 12.00
# Visual Studio 15
VisualStudioVersion = 15.0.28010.2041
MinimumVisualStudioVersion = 10.0.40219.1
Project("{FAE04EC0-301F-11D3-BF4B-00C04F79EFBC}") = "DefaultLookupBenchmark", "DefaultLookupBenchmark\DefaultLookupBenchmark.csproj", "{7D4E6974-F34A-49E4-B701-ADBF87C28117}"
EndProject
Global
	GlobalSection(SolutionConfigurationPlatforms) = preSolution
		Debug|Any CPU = Debug|Any CPU
		Release|Any CPU = Release|Any CPU
	EndGlobalSection
	GlobalSection(ProjectConfigurationPlatforms) = postSolution
		{7D4E6974-F34A-49E4-B701-ADBF87C28117}.Debug|Any CPU.ActiveCfg = Debug|Any CPU
		{7D4E6974-F34A-49E4-B701-ADBF87C28117}.Debug|Any CPU.Build.0 = Debug|Any CPU
		{7D4E6974-F34A-49E4-B701-ADBF87C28117}.Release|Any CPU.ActiveCfg = Release|Any CPU
		{7D4E6974-F34A-49E4-B701-ADBF87C28117}.Release|Any CPU.Build.0 = Release|Any CPU
	EndGlobalSection
	GlobalSection(SolutionProperties) = preSolution
		HideSolutionNode = FALSE
	EndGlobalSection
	GlobalSection(ExtensibilityGlobals) = postSolution
		SolutionGuid = {5C5157B4-B42A-4ABF-88A9-1B45710BEED6}
	EndGlobalSection
EndGlobal
