
Microsoft Visual Studio Solution File, Format Version 12.00
# Visual Studio Version 16
VisualStudioVersion = 16.0.30717.126
MinimumVisualStudioVersion = 10.0.40219.1
Project("{FAE04EC0-301F-11D3-BF4B-00C04F79EFBC}") = "EnumeratorBenchmark", "EnumeratorBenchmark\EnumeratorBenchmark.csproj", "{8F8CEF96-5EC4-4033-A435-A689924DCEAA}"
EndProject
Global
	GlobalSection(SolutionConfigurationPlatforms) = preSolution
		Debug|Any CPU = Debug|Any CPU
		Release|Any CPU = Release|Any CPU
	EndGlobalSection
	GlobalSection(ProjectConfigurationPlatforms) = postSolution
		{8F8CEF96-5EC4-4033-A435-A689924DCEAA}.Debug|Any CPU.ActiveCfg = Debug|Any CPU
		{8F8CEF96-5EC4-4033-A435-A689924DCEAA}.Debug|Any CPU.Build.0 = Debug|Any CPU
		{8F8CEF96-5EC4-4033-A435-A689924DCEAA}.Release|Any CPU.ActiveCfg = Release|Any CPU
		{8F8CEF96-5EC4-4033-A435-A689924DCEAA}.Release|Any CPU.Build.0 = Release|Any CPU
	EndGlobalSection
	GlobalSection(SolutionProperties) = preSolution
		HideSolutionNode = FALSE
	EndGlobalSection
	GlobalSection(ExtensibilityGlobals) = postSolution
		SolutionGuid = {A9B98217-111B-44CA-8393-E1AAE65D8D81}
	EndGlobalSection
EndGlobal
