
Microsoft Visual Studio Solution File, Format Version 12.00
# Visual Studio Version 16
VisualStudioVersion = 16.0.29709.97
MinimumVisualStudioVersion = 10.0.40219.1
Project("{9A19103F-16F7-4668-BE54-9A1E7A4F7556}") = "Benchmarks", "Benchmarks\Benchmarks.csproj", "{B019AC6D-F3DD-4F25-9A45-6145715FF665}"
EndProject
Project("{FAE04EC0-301F-11D3-BF4B-00C04F79EFBC}") = "Benchmarks.StandardLib", "Benchmarks.StandardLib\Benchmarks.StandardLib.csproj", "{FC372443-9CD6-4374-A7DB-F75536C9C313}"
EndProject
Global
	GlobalSection(SolutionConfigurationPlatforms) = preSolution
		Debug|Any CPU = Debug|Any CPU
		Release|Any CPU = Release|Any CPU
	EndGlobalSection
	GlobalSection(ProjectConfigurationPlatforms) = postSolution
		{B019AC6D-F3DD-4F25-9A45-6145715FF665}.Debug|Any CPU.ActiveCfg = Debug|Any CPU
		{B019AC6D-F3DD-4F25-9A45-6145715FF665}.Debug|Any CPU.Build.0 = Debug|Any CPU
		{B019AC6D-F3DD-4F25-9A45-6145715FF665}.Release|Any CPU.ActiveCfg = Release|Any CPU
		{B019AC6D-F3DD-4F25-9A45-6145715FF665}.Release|Any CPU.Build.0 = Release|Any CPU
		{FC372443-9CD6-4374-A7DB-F75536C9C313}.Debug|Any CPU.ActiveCfg = Debug|Any CPU
		{FC372443-9CD6-4374-A7DB-F75536C9C313}.Debug|Any CPU.Build.0 = Debug|Any CPU
		{FC372443-9CD6-4374-A7DB-F75536C9C313}.Release|Any CPU.ActiveCfg = Release|Any CPU
		{FC372443-9CD6-4374-A7DB-F75536C9C313}.Release|Any CPU.Build.0 = Release|Any CPU
	EndGlobalSection
	GlobalSection(SolutionProperties) = preSolution
		HideSolutionNode = FALSE
	EndGlobalSection
	GlobalSection(ExtensibilityGlobals) = postSolution
		SolutionGuid = {563A8CC3-DE72-4EE7-A9EB-52F8E0989330}
	EndGlobalSection
EndGlobal
