
Microsoft Visual Studio Solution File, Format Version 12.00
# Visual Studio Version 16
VisualStudioVersion = 16.0.30717.126
MinimumVisualStudioVersion = 10.0.40219.1
Project("{FAE04EC0-301F-11D3-BF4B-00C04F79EFBC}") = "ArrayAccessBenchmark", "ArrayAccessBenchmark\ArrayAccessBenchmark.csproj", "{057287E3-DA70-4EDB-BEC3-FD7895A94D87}"
EndProject
Global
	GlobalSection(SolutionConfigurationPlatforms) = preSolution
		Debug|Any CPU = Debug|Any CPU
		Release|Any CPU = Release|Any CPU
	EndGlobalSection
	GlobalSection(ProjectConfigurationPlatforms) = postSolution
		{057287E3-DA70-4EDB-BEC3-FD7895A94D87}.Debug|Any CPU.ActiveCfg = Debug|Any CPU
		{057287E3-DA70-4EDB-BEC3-FD7895A94D87}.Debug|Any CPU.Build.0 = Debug|Any CPU
		{057287E3-DA70-4EDB-BEC3-FD7895A94D87}.Release|Any CPU.ActiveCfg = Release|Any CPU
		{057287E3-DA70-4EDB-BEC3-FD7895A94D87}.Release|Any CPU.Build.0 = Release|Any CPU
	EndGlobalSection
	GlobalSection(SolutionProperties) = preSolution
		HideSolutionNode = FALSE
	EndGlobalSection
	GlobalSection(ExtensibilityGlobals) = postSolution
		SolutionGuid = {9EE50E87-79EA-4157-916D-F7BE52163816}
	EndGlobalSection
EndGlobal
